// !$*UTF8*$!
{
	archiveVersion = 1;
	classes = {
	};
	objectVersion = 46;
	objects = {

/* Begin PBXBuildFile section */
		57473CF22092768700A99910 /* Post.swift in Sources */ = {isa = PBXBuildFile; fileRef = 57473CF12092768700A99910 /* Post.swift */; };
		576FE73020923A5E00F05A51 /* AppDelegate.swift in Sources */ = {isa = PBXBuildFile; fileRef = 576FE72F20923A5E00F05A51 /* AppDelegate.swift */; };
		576FE73220923A5E00F05A51 /* ViewController.swift in Sources */ = {isa = PBXBuildFile; fileRef = 576FE73120923A5E00F05A51 /* ViewController.swift */; };
		576FE73520923A5E00F05A51 /* Main.storyboard in Resources */ = {isa = PBXBuildFile; fileRef = 576FE73320923A5E00F05A51 /* Main.storyboard */; };
		576FE73720923A5E00F05A51 /* Assets.xcassets in Resources */ = {isa = PBXBuildFile; fileRef = 576FE73620923A5E00F05A51 /* Assets.xcassets */; };
		576FE73A20923A5E00F05A51 /* LaunchScreen.storyboard in Resources */ = {isa = PBXBuildFile; fileRef = 576FE73820923A5E00F05A51 /* LaunchScreen.storyboard */; };
		576FE74520923A5F00F05A51 /* Subreddit_ViewerTests.swift in Sources */ = {isa = PBXBuildFile; fileRef = 576FE74420923A5F00F05A51 /* Subreddit_ViewerTests.swift */; };
/* End PBXBuildFile section */

/* Begin PBXContainerItemProxy section */
		576FE74120923A5E00F05A51 /* PBXContainerItemProxy */ = {
			isa = PBXContainerItemProxy;
			containerPortal = 576FE72420923A5E00F05A51 /* Project object */;
			proxyType = 1;
			remoteGlobalIDString = 576FE72B20923A5E00F05A51;
			remoteInfo = "Subreddit Viewer";
		};
/* End PBXContainerItemProxy section */

/* Begin PBXFileReference section */
		57473CF12092768700A99910 /* Post.swift */ = {isa = PBXFileReference; fileEncoding = 4; lastKnownFileType = sourcecode.swift; path = Post.swift; sourceTree = "<group>"; };
		576FE72C20923A5E00F05A51 /* Subreddit Viewer.app */ = {isa = PBXFileReference; explicitFileType = wrapper.application; includeInIndex = 0; path = "Subreddit Viewer.app"; sourceTree = BUILT_PRODUCTS_DIR; };
		576FE72F20923A5E00F05A51 /* AppDelegate.swift */ = {isa = PBXFileReference; lastKnownFileType = sourcecode.swift; path = AppDelegate.swift; sourceTree = "<group>"; };
		576FE73120923A5E00F05A51 /* ViewController.swift */ = {isa = PBXFileReference; lastKnownFileType = sourcecode.swift; path = ViewController.swift; sourceTree = "<group>"; };
		576FE73420923A5E00F05A51 /* Base */ = {isa = PBXFileReference; lastKnownFileType = file.storyboard; name = Base; path = Base.lproj/Main.storyboard; sourceTree = "<group>"; };
		576FE73620923A5E00F05A51 /* Assets.xcassets */ = {isa = PBXFileReference; lastKnownFileType = folder.assetcatalog; path = Assets.xcassets; sourceTree = "<group>"; };
		576FE73920923A5E00F05A51 /* Base */ = {isa = PBXFileReference; lastKnownFileType = file.storyboard; name = Base; path = Base.lproj/LaunchScreen.storyboard; sourceTree = "<group>"; };
		576FE73B20923A5E00F05A51 /* Info.plist */ = {isa = PBXFileReference; lastKnownFileType = text.plist.xml; path = Info.plist; sourceTree = "<group>"; };
		576FE74020923A5E00F05A51 /* Subreddit ViewerTests.xctest */ = {isa = PBXFileReference; explicitFileType = wrapper.cfbundle; includeInIndex = 0; path = "Subreddit ViewerTests.xctest"; sourceTree = BUILT_PRODUCTS_DIR; };
		576FE74420923A5F00F05A51 /* Subreddit_ViewerTests.swift */ = {isa = PBXFileReference; lastKnownFileType = sourcecode.swift; path = Subreddit_ViewerTests.swift; sourceTree = "<group>"; };
		576FE74620923A5F00F05A51 /* Info.plist */ = {isa = PBXFileReference; lastKnownFileType = text.plist.xml; path = Info.plist; sourceTree = "<group>"; };
/* End PBXFileReference section */

/* Begin PBXFrameworksBuildPhase section */
		576FE72920923A5E00F05A51 /* Frameworks */ = {
			isa = PBXFrameworksBuildPhase;
			buildActionMask = 2147483647;
			files = (
			);
			runOnlyForDeploymentPostprocessing = 0;
		};
		576FE73D20923A5E00F05A51 /* Frameworks */ = {
			isa = PBXFrameworksBuildPhase;
			buildActionMask = 2147483647;
			files = (
			);
			runOnlyForDeploymentPostprocessing = 0;
		};
/* End PBXFrameworksBuildPhase section */

/* Begin PBXGroup section */
		576FE72320923A5E00F05A51 = {
			isa = PBXGroup;
			children = (
				576FE72E20923A5E00F05A51 /* Subreddit Viewer */,
				576FE74320923A5F00F05A51 /* Subreddit ViewerTests */,
				576FE72D20923A5E00F05A51 /* Products */,
			);
			sourceTree = "<group>";
		};
		576FE72D20923A5E00F05A51 /* Products */ = {
			isa = PBXGroup;
			children = (
				576FE72C20923A5E00F05A51 /* Subreddit Viewer.app */,
				576FE74020923A5E00F05A51 /* Subreddit ViewerTests.xctest */,
			);
			name = Products;
			sourceTree = "<group>";
		};
		576FE72E20923A5E00F05A51 /* Subreddit Viewer */ = {
			isa = PBXGroup;
			children = (
				57473CF12092768700A99910 /* Post.swift */,
				576FE72F20923A5E00F05A51 /* AppDelegate.swift */,
				576FE73120923A5E00F05A51 /* ViewController.swift */,
				576FE73320923A5E00F05A51 /* Main.storyboard */,
				576FE73620923A5E00F05A51 /* Assets.xcassets */,
				576FE73820923A5E00F05A51 /* LaunchScreen.storyboard */,
				576FE73B20923A5E00F05A51 /* Info.plist */,
			);
			path = "Subreddit Viewer";
			sourceTree = "<group>";
		};
		576FE74320923A5F00F05A51 /* Subreddit ViewerTests */ = {
			isa = PBXGroup;
			children = (
				576FE74420923A5F00F05A51 /* Subreddit_ViewerTests.swift */,
				576FE74620923A5F00F05A51 /* Info.plist */,
			);
			path = "Subreddit ViewerTests";
			sourceTree = "<group>";
		};
/* End PBXGroup section */

/* Begin PBXNativeTarget section */
		576FE72B20923A5E00F05A51 /* Subreddit Viewer */ = {
			isa = PBXNativeTarget;
			buildConfigurationList = 576FE74920923A5F00F05A51 /* Build configuration list for PBXNativeTarget "Subreddit Viewer" */;
			buildPhases = (
				576FE72820923A5E00F05A51 /* Sources */,
				576FE72920923A5E00F05A51 /* Frameworks */,
				576FE72A20923A5E00F05A51 /* Resources */,
			);
			buildRules = (
			);
			dependencies = (
			);
			name = "Subreddit Viewer";
			productName = "Subreddit Viewer";
			productReference = 576FE72C20923A5E00F05A51 /* Subreddit Viewer.app */;
			productType = "com.apple.product-type.application";
		};
		576FE73F20923A5E00F05A51 /* Subreddit ViewerTests */ = {
			isa = PBXNativeTarget;
			buildConfigurationList = 576FE74C20923A5F00F05A51 /* Build configuration list for PBXNativeTarget "Subreddit ViewerTests" */;
			buildPhases = (
				576FE73C20923A5E00F05A51 /* Sources */,
				576FE73D20923A5E00F05A51 /* Frameworks */,
				576FE73E20923A5E00F05A51 /* Resources */,
			);
			buildRules = (
			);
			dependencies = (
				576FE74220923A5E00F05A51 /* PBXTargetDependency */,
			);
			name = "Subreddit ViewerTests";
			productName = "Subreddit ViewerTests";
			productReference = 576FE74020923A5E00F05A51 /* Subreddit ViewerTests.xctest */;
			productType = "com.apple.product-type.bundle.unit-test";
		};
/* End PBXNativeTarget section */

/* Begin PBXProject section */
		576FE72420923A5E00F05A51 /* Project object */ = {
			isa = PBXProject;
			attributes = {
				LastSwiftUpdateCheck = 0830;
				LastUpgradeCheck = 0830;
				ORGANIZATIONNAME = Netsells;
				TargetAttributes = {
					576FE72B20923A5E00F05A51 = {
						CreatedOnToolsVersion = 8.3.3;
						ProvisioningStyle = Automatic;
					};
					576FE73F20923A5E00F05A51 = {
						CreatedOnToolsVersion = 8.3.3;
						ProvisioningStyle = Automatic;
						TestTargetID = 576FE72B20923A5E00F05A51;
					};
				};
			};
			buildConfigurationList = 576FE72720923A5E00F05A51 /* Build configuration list for PBXProject "Subreddit Viewer" */;
			compatibilityVersion = "Xcode 3.2";
			developmentRegion = English;
			hasScannedForEncodings = 0;
			knownRegions = (
				en,
				Base,
			);
			mainGroup = 576FE72320923A5E00F05A51;
			productRefGroup = 576FE72D20923A5E00F05A51 /* Products */;
			projectDirPath = "";
			projectRoot = "";
			targets = (
				576FE72B20923A5E00F05A51 /* Subreddit Viewer */,
				576FE73F20923A5E00F05A51 /* Subreddit ViewerTests */,
			);
		};
/* End PBXProject section */

/* Begin PBXResourcesBuildPhase section */
		576FE72A20923A5E00F05A51 /* Resources */ = {
			isa = PBXResourcesBuildPhase;
			buildActionMask = 2147483647;
			files = (
				576FE73A20923A5E00F05A51 /* LaunchScreen.storyboard in Resources */,
				576FE73720923A5E00F05A51 /* Assets.xcassets in Resources */,
				576FE73520923A5E00F05A51 /* Main.storyboard in Resources */,
			);
			runOnlyForDeploymentPostprocessing = 0;
		};
		576FE73E20923A5E00F05A51 /* Resources */ = {
			isa = PBXResourcesBuildPhase;
			buildActionMask = 2147483647;
			files = (
			);
			runOnlyForDeploymentPostprocessing = 0;
		};
/* End PBXResourcesBuildPhase section */

/* Begin PBXSourcesBuildPhase section */
		576FE72820923A5E00F05A51 /* Sources */ = {
			isa = PBXSourcesBuildPhase;
			buildActionMask = 2147483647;
			files = (
				57473CF22092768700A99910 /* Post.swift in Sources */,
				576FE73220923A5E00F05A51 /* ViewController.swift in Sources */,
				576FE73020923A5E00F05A51 /* AppDelegate.swift in Sources */,
			);
			runOnlyForDeploymentPostprocessing = 0;
		};
		576FE73C20923A5E00F05A51 /* Sources */ = {
			isa = PBXSourcesBuildPhase;
			buildActionMask = 2147483647;
			files = (
				576FE74520923A5F00F05A51 /* Subreddit_ViewerTests.swift in Sources */,
			);
			runOnlyForDeploymentPostprocessing = 0;
		};
/* End PBXSourcesBuildPhase section */

/* Begin PBXTargetDependency section */
		576FE74220923A5E00F05A51 /* PBXTargetDependency */ = {
			isa = PBXTargetDependency;
			target = 576FE72B20923A5E00F05A51 /* Subreddit Viewer */;
			targetProxy = 576FE74120923A5E00F05A51 /* PBXContainerItemProxy */;
		};
/* End PBXTargetDependency section */

/* Begin PBXVariantGroup section */
		576FE73320923A5E00F05A51 /* Main.storyboard */ = {
			isa = PBXVariantGroup;
			children = (
				576FE73420923A5E00F05A51 /* Base */,
			);
			name = Main.storyboard;
			sourceTree = "<group>";
		};
		576FE73820923A5E00F05A51 /* LaunchScreen.storyboard */ = {
			isa = PBXVariantGroup;
			children = (
				576FE73920923A5E00F05A51 /* Base */,
			);
			name = LaunchScreen.storyboard;
			sourceTree = "<group>";
		};
/* End PBXVariantGroup section */

/* Begin XCBuildConfiguration section */
		576FE74720923A5F00F05A51 /* Debug */ = {
			isa = XCBuildConfiguration;
			buildSettings = {
				ALWAYS_SEARCH_USER_PATHS = NO;
				CLANG_ANALYZER_NONNULL = YES;
				CLANG_ANALYZER_NUMBER_OBJECT_CONVERSION = YES_AGGRESSIVE;
				CLANG_CXX_LANGUAGE_STANDARD = "gnu++0x";
				CLANG_CXX_LIBRARY = "libc++";
				CLANG_ENABLE_MODULES = YES;
				CLANG_ENABLE_OBJC_ARC = YES;
				CLANG_WARN_BOOL_CONVERSION = YES;
				CLANG_WARN_CONSTANT_CONVERSION = YES;
				CLANG_WARN_DIRECT_OBJC_ISA_USAGE = YES_ERROR;
				CLANG_WARN_DOCUMENTATION_COMMENTS = YES;
				CLANG_WARN_EMPTY_BODY = YES;
				CLANG_WARN_ENUM_CONVERSION = YES;
				CLANG_WARN_INFINITE_RECURSION = YES;
				CLANG_WARN_INT_CONVERSION = YES;
				CLANG_WARN_OBJC_ROOT_CLASS = YES_ERROR;
				CLANG_WARN_SUSPICIOUS_MOVE = YES;
				CLANG_WARN_UNREACHABLE_CODE = YES;
				CLANG_WARN__DUPLICATE_METHOD_MATCH = YES;
				"CODE_SIGN_IDENTITY[sdk=iphoneos*]" = "iPhone Developer";
				COPY_PHASE_STRIP = NO;
				DEBUG_INFORMATION_FORMAT = dwarf;
				ENABLE_STRICT_OBJC_MSGSEND = YES;
				ENABLE_TESTABILITY = YES;
				GCC_C_LANGUAGE_STANDARD = gnu99;
				GCC_DYNAMIC_NO_PIC = NO;
				GCC_NO_COMMON_BLOCKS = YES;
				GCC_OPTIMIZATION_LEVEL = 0;
				GCC_PREPROCESSOR_DEFINITIONS = (
					"DEBUG=1",
					"$(inherited)",
				);
				GCC_WARN_64_TO_32_BIT_CONVERSION = YES;
				GCC_WARN_ABOUT_RETURN_TYPE = YES_ERROR;
				GCC_WARN_UNDECLARED_SELECTOR = YES;
				GCC_WARN_UNINITIALIZED_AUTOS = YES_AGGRESSIVE;
				GCC_WARN_UNUSED_FUNCTION = YES;
				GCC_WARN_UNUSED_VARIABLE = YES;
				IPHONEOS_DEPLOYMENT_TARGET = 10.3;
				MTL_ENABLE_DEBUG_INFO = YES;
				ONLY_ACTIVE_ARCH = YES;
				SDKROOT = iphoneos;
				SWIFT_ACTIVE_COMPILATION_CONDITIONS = DEBUG;
				SWIFT_OPTIMIZATION_LEVEL = "-Onone";
				TARGETED_DEVICE_FAMILY = "1,2";
			};
			name = Debug;
		};
		576FE74820923A5F00F05A51 /* Release */ = {
			isa = XCBuildConfiguration;
			buildSettings = {
				ALWAYS_SEARCH_USER_PATHS = NO;
				CLANG_ANALYZER_NONNULL = YES;
				CLANG_ANALYZER_NUMBER_OBJECT_CONVERSION = YES_AGGRESSIVE;
				CLANG_CXX_LANGUAGE_STANDARD = "gnu++0x";
				CLANG_CXX_LIBRARY = "libc++";
				CLANG_ENABLE_MODULES = YES;
				CLANG_ENABLE_OBJC_ARC = YES;
				CLANG_WARN_BOOL_CONVERSION = YES;
				CLANG_WARN_CONSTANT_CONVERSION = YES;
				CLANG_WARN_DIRECT_OBJC_ISA_USAGE = YES_ERROR;
				CLANG_WARN_DOCUMENTATION_COMMENTS = YES;
				CLANG_WARN_EMPTY_BODY = YES;
				CLANG_WARN_ENUM_CONVERSION = YES;
				CLANG_WARN_INFINITE_RECURSION = YES;
				CLANG_WARN_INT_CONVERSION = YES;
				CLANG_WARN_OBJC_ROOT_CLASS = YES_ERROR;
				CLANG_WARN_SUSPICIOUS_MOVE = YES;
				CLANG_WARN_UNREACHABLE_CODE = YES;
				CLANG_WARN__DUPLICATE_METHOD_MATCH = YES;
				"CODE_SIGN_IDENTITY[sdk=iphoneos*]" = "iPhone Developer";
				COPY_PHASE_STRIP = NO;
				DEBUG_INFORMATION_FORMAT = "dwarf-with-dsym";
				ENABLE_NS_ASSERTIONS = NO;
				ENABLE_STRICT_OBJC_MSGSEND = YES;
				GCC_C_LANGUAGE_STANDARD = gnu99;
				GCC_NO_COMMON_BLOCKS = YES;
				GCC_WARN_64_TO_32_BIT_CONVERSION = YES;
				GCC_WARN_ABOUT_RETURN_TYPE = YES_ERROR;
				GCC_WARN_UNDECLARED_SELECTOR = YES;
				GCC_WARN_UNINITIALIZED_AUTOS = YES_AGGRESSIVE;
				GCC_WARN_UNUSED_FUNCTION = YES;
				GCC_WARN_UNUSED_VARIABLE = YES;
				IPHONEOS_DEPLOYMENT_TARGET = 10.3;
				MTL_ENABLE_DEBUG_INFO = NO;
				SDKROOT = iphoneos;
				SWIFT_OPTIMIZATION_LEVEL = "-Owholemodule";
				TARGETED_DEVICE_FAMILY = "1,2";
				VALIDATE_PRODUCT = YES;
			};
			name = Release;
		};
		576FE74A20923A5F00F05A51 /* Debug */ = {
			isa = XCBuildConfiguration;
			buildSettings = {
				ASSETCATALOG_COMPILER_APPICON_NAME = AppIcon;
				INFOPLIST_FILE = "Subreddit Viewer/Info.plist";
				LD_RUNPATH_SEARCH_PATHS = "$(inherited) @executable_path/Frameworks";
				PRODUCT_BUNDLE_IDENTIFIER = "NS.Subreddit-Viewer";
				PRODUCT_NAME = "$(TARGET_NAME)";
				SWIFT_VERSION = 3.0;
			};
			name = Debug;
		};
		576FE74B20923A5F00F05A51 /* Release */ = {
			isa = XCBuildConfiguration;
			buildSettings = {
				ASSETCATALOG_COMPILER_APPICON_NAME = AppIcon;
				INFOPLIST_FILE = "Subreddit Viewer/Info.plist";
				LD_RUNPATH_SEARCH_PATHS = "$(inherited) @executable_path/Frameworks";
				PRODUCT_BUNDLE_IDENTIFIER = "NS.Subreddit-Viewer";
				PRODUCT_NAME = "$(TARGET_NAME)";
				SWIFT_VERSION = 3.0;
			};
			name = Release;
		};
		576FE74D20923A5F00F05A51 /* Debug */ = {
			isa = XCBuildConfiguration;
			buildSettings = {
				ALWAYS_EMBED_SWIFT_STANDARD_LIBRARIES = YES;
				BUNDLE_LOADER = "$(TEST_HOST)";
				INFOPLIST_FILE = "Subreddit ViewerTests/Info.plist";
				LD_RUNPATH_SEARCH_PATHS = "$(inherited) @executable_path/Frameworks @loader_path/Frameworks";
				PRODUCT_BUNDLE_IDENTIFIER = "NS.Subreddit-ViewerTests";
				PRODUCT_NAME = "$(TARGET_NAME)";
				SWIFT_VERSION = 3.0;
				TEST_HOST = "$(BUILT_PRODUCTS_DIR)/Subreddit Viewer.app/Subreddit Viewer";
			};
			name = Debug;
		};
		576FE74E20923A5F00F05A51 /* Release */ = {
			isa = XCBuildConfiguration;
			buildSettings = {
				ALWAYS_EMBED_SWIFT_STANDARD_LIBRARIES = YES;
				BUNDLE_LOADER = "$(TEST_HOST)";
				INFOPLIST_FILE = "Subreddit ViewerTests/Info.plist";
				LD_RUNPATH_SEARCH_PATHS = "$(inherited) @executable_path/Frameworks @loader_path/Frameworks";
				PRODUCT_BUNDLE_IDENTIFIER = "NS.Subreddit-ViewerTests";
				PRODUCT_NAME = "$(TARGET_NAME)";
				SWIFT_VERSION = 3.0;
				TEST_HOST = "$(BUILT_PRODUCTS_DIR)/Subreddit Viewer.app/Subreddit Viewer";
			};
			name = Release;
		};
/* End XCBuildConfiguration section */

/* Begin XCConfigurationList section */
		576FE72720923A5E00F05A51 /* Build configuration list for PBXProject "Subreddit Viewer" */ = {
			isa = XCConfigurationList;
			buildConfigurations = (
				576FE74720923A5F00F05A51 /* Debug */,
				576FE74820923A5F00F05A51 /* Release */,
			);
			defaultConfigurationIsVisible = 0;
			defaultConfigurationName = Release;
		};
		576FE74920923A5F00F05A51 /* Build configuration list for PBXNativeTarget "Subreddit Viewer" */ = {
			isa = XCConfigurationList;
			buildConfigurations = (
				576FE74A20923A5F00F05A51 /* Debug */,
				576FE74B20923A5F00F05A51 /* Release */,
			);
			defaultConfigurationIsVisible = 0;
			defaultConfigurationName = Release;
		};
		576FE74C20923A5F00F05A51 /* Build configuration list for PBXNativeTarget "Subreddit ViewerTests" */ = {
			isa = XCConfigurationList;
			buildConfigurations = (
				576FE74D20923A5F00F05A51 /* Debug */,
				576FE74E20923A5F00F05A51 /* Release */,
			);
			defaultConfigurationIsVisible = 0;
			defaultConfigurationName = Release;
		};
/* End XCConfigurationList section */
	};
	rootObject = 576FE72420923A5E00F05A51 /* Project object */;
}
